<?xml version="1.0" encoding="UTF-8" standalone="yes" ?>
<CodeBlocks_project_file>
	<FileVersion major="1" minor="6" />
	<Project>
		<Option title="direct_skills" />
		<Option pch_mode="2" />
		<Option compiler="tdm-32" />
		<Build>
			<Target title="Release">
				<Option output="../direct_skills" prefix_auto="1" extension_auto="1" />
				<Option object_output="../" />
				<Option type="3" />
				<Option compiler="tdm-32" />
				<Option createDefFile="1" />
				<Option createStaticLib="1" />
				<Compiler>
					<Add option="-O2" />
					<Add option="-Wall" />
					<Add option="-DBUILD_DLL" />
				</Compiler>
				<Linker>
					<Add option="-s" />
					<Add library="user32" />
				</Linker>
			</Target>
		</Build>
		<Compiler>
			<Add option="-std=c++11" />
			<Add option="-Os -ffunction-sections -fdata-sections -fno-rtti -fomit-frame-pointer -flto -ffast-math -fmerge-all-constants" />
			<Add option="-D_GLIBCXX_USE_CXX11_ABI=0" />
			<Add directory="../../../../../../DynRPG/0.32/sdk/include" />
		</Compiler>
		<Linker>
			<Add option="-Wl,--gc-sections -Wl,--strip-all -Wl,--as-needed -s -flto" />
			<Add library="../../../../../../DynRPG/0.32/sdk/lib/libDynRPG.a" />
			<Add directory="../../../../../../DynRPG/0.32/sdk/lib" />
		</Linker>
		<Unit filename="README.md" />
		<Unit filename="DynRPG.ini" />
		<Unit filename="direct_skills_debug.cpp">
			<Option compile="0" />
			<Option link="0" />
			<Option target="&lt;{~None~}&gt;" />
		</Unit>
		<Unit filename="direct_skills.cpp">
			<Option compile="0" />
			<Option link="0" />
		</Unit>
		<Unit filename="direct_skills.rc">
			<Option compilerVar="WINDRES" />
		</Unit>
		<Unit filename="direct_skills_config.cpp">
			<Option compile="0" />
			<Option link="0" />
			<Option target="&lt;{~None~}&gt;" />
		</Unit>
		<Unit filename="main.cpp" />
		<Extensions />
	</Project>
</CodeBlocks_project_file>
